
Microsoft Visual Studio Solution File, Format Version 12.00
# Visual Studio Version 16
VisualStudioVersion = 16.0.31005.135
MinimumVisualStudioVersion = 10.0.40219.1
Project("{FAE04EC0-301F-11D3-BF4B-00C04F79EFBC}") = "Clima-Tempo-Simples-Proj", "Clima-Tempo-Simples-Proj.csproj", "{42EA20C8-6275-44A1-A102-AE384A840595}"
EndProject
Global
	GlobalSection(SolutionConfigurationPlatforms) = preSolution
		Debug|Any CPU = Debug|Any CPU
		Release|Any CPU = Release|Any CPU
	EndGlobalSection
	GlobalSection(ProjectConfigurationPlatforms) = postSolution
		{42EA20C8-6275-44A1-A102-AE384A840595}.Debug|Any CPU.ActiveCfg = Debug|Any CPU
		{42EA20C8-6275-44A1-A102-AE384A840595}.Debug|Any CPU.Build.0 = Debug|Any CPU
		{42EA20C8-6275-44A1-A102-AE384A840595}.Release|Any CPU.ActiveCfg = Release|Any CPU
		{42EA20C8-6275-44A1-A102-AE384A840595}.Release|Any CPU.Build.0 = Release|Any CPU
	EndGlobalSection
	GlobalSection(SolutionProperties) = preSolution
		HideSolutionNode = FALSE
	EndGlobalSection
	GlobalSection(ExtensibilityGlobals) = postSolution
		SolutionGuid = {F5316033-B8C8-4ADE-82DB-E70A66FA375B}
	EndGlobalSection
EndGlobal
